
Microsoft Visual Studio Solution File, Format Version 12.00
# Visual Studio Version 17
VisualStudioVersion = 17.0.32112.339
MinimumVisualStudioVersion = 10.0.40219.1
Project("{8BC9CEB8-8B4A-11D0-8D11-00A0C91BC942}") = "Parser", "Parser.vcxproj", "{32BB5386-A89A-4A07-AEBD-D889DDE3C614}"
EndProject
Global
	GlobalSection(SolutionConfigurationPlatforms) = preSolution
		Debug|x64 = Debug|x64
		Debug|x86 = Debug|x86
		Release|x64 = Release|x64
		Release|x86 = Release|x86
	EndGlobalSection
	GlobalSection(ProjectConfigurationPlatforms) = postSolution
		{32BB5386-A89A-4A07-AEBD-D889DDE3C614}.Debug|x64.ActiveCfg = Debug|x64
		{32BB5386-A89A-4A07-AEBD-D889DDE3C614}.Debug|x64.Build.0 = Debug|x64
		{32BB5386-A89A-4A07-AEBD-D889DDE3C614}.Debug|x86.ActiveCfg = Debug|Win32
		{32BB5386-A89A-4A07-AEBD-D889DDE3C614}.Debug|x86.Build.0 = Debug|Win32
		{32BB5386-A89A-4A07-AEBD-D889DDE3C614}.Release|x64.ActiveCfg = Release|x64
		{32BB5386-A89A-4A07-AEBD-D889DDE3C614}.Release|x64.Build.0 = Release|x64
		{32BB5386-A89A-4A07-AEBD-D889DDE3C614}.Release|x86.ActiveCfg = Release|Win32
		{32BB5386-A89A-4A07-AEBD-D889DDE3C614}.Release|x86.Build.0 = Release|Win32
	EndGlobalSection
	GlobalSection(SolutionProperties) = preSolution
		HideSolutionNode = FALSE
	EndGlobalSection
	GlobalSection(ExtensibilityGlobals) = postSolution
		SolutionGuid = {191E15D0-D517-4D10-921B-0088A325C622}
	EndGlobalSection
EndGlobal
